<?xml version="1.0" encoding="utf-8"?>
<Project ToolsVersion="4.0" xmlns="http://schemas.microsoft.com/developer/msbuild/2003">
  <ItemGroup>
    <ClCompile Include="user\main.cpp">
      <Filter>user</Filter>
    </ClCompile>
    <ClCompile Include="framework\dllmain.cpp">
      <Filter>framework</Filter>
    </ClCompile>
    <ClCompile Include="framework\helpers.cpp">
      <Filter>framework</Filter>
    </ClCompile>
    <ClCompile Include="framework\il2cpp-init.cpp">
      <Filter>framework</Filter>
    </ClCompile>
    <ClCompile Include="imgui\imgui.cpp">
      <Filter>imgui</Filter>
    </ClCompile>
    <ClCompile Include="imgui\imgui_demo.cpp">
      <Filter>imgui</Filter>
    </ClCompile>
    <ClCompile Include="imgui\imgui_draw.cpp">
      <Filter>imgui</Filter>
    </ClCompile>
    <ClCompile Include="imgui\imgui_impl_dx11.cpp">
      <Filter>imgui</Filter>
    </ClCompile>
    <ClCompile Include="imgui\imgui_impl_win32.cpp">
      <Filter>imgui</Filter>
    </ClCompile>
    <ClCompile Include="imgui\imgui_widgets.cpp">
      <Filter>imgui</Filter>
    </ClCompile>
    <ClCompile Include="user\D3D11Hooking.cpp">
      <Filter>user</Filter>
    </ClCompile>
    <ClCompile Include="user\CWState.cpp">
      <Filter>user</Filter>
    </ClCompile>
    <ClCompile Include="user\StringUtility.cpp">
      <Filter>user</Filter>
    </ClCompile>
    <ClCompile Include="user\GameUtility.cpp">
      <Filter>user</Filter>
    </ClCompile>
    <ClCompile Include="user\radar.cpp">
      <Filter>user</Filter>
    </ClCompile>
    <ClCompile Include="user\CWConstants.cpp">
      <Filter>user</Filter>
    </ClCompile>
  </ItemGroup>
  <ItemGroup>
    <ClInclude Include="user\main.h">
      <Filter>user</Filter>
    </ClInclude>
    <ClInclude Include="appdata\il2cpp-api-functions.h">
      <Filter>appdata</Filter>
    </ClInclude>
    <ClInclude Include="appdata\il2cpp-api-functions-ptr.h">
      <Filter>appdata</Filter>
    </ClInclude>
    <ClInclude Include="appdata\il2cpp-functions.h">
      <Filter>appdata</Filter>
    </ClInclude>
    <ClInclude Include="appdata\il2cpp-types.h">
      <Filter>appdata</Filter>
    </ClInclude>
    <ClInclude Include="appdata\il2cpp-types-ptr.h">
      <Filter>appdata</Filter>
    </ClInclude>
    <ClInclude Include="framework\helpers.h">
      <Filter>framework</Filter>
    </ClInclude>
    <ClInclude Include="framework\il2cpp-appdata.h">
      <Filter>framework</Filter>
    </ClInclude>
    <ClInclude Include="framework\il2cpp-init.h">
      <Filter>framework</Filter>
    </ClInclude>
    <ClInclude Include="Detours\detours.h">
      <Filter>Detours</Filter>
    </ClInclude>
    <ClInclude Include="Detours\detver.h">
      <Filter>Detours</Filter>
    </ClInclude>
    <ClInclude Include="Detours\syelog.h">
      <Filter>Detours</Filter>
    </ClInclude>
    <ClInclude Include="imgui\imconfig.h">
      <Filter>imgui</Filter>
    </ClInclude>
    <ClInclude Include="imgui\imgui.h">
      <Filter>imgui</Filter>
    </ClInclude>
    <ClInclude Include="imgui\imgui_impl_dx11.h">
      <Filter>imgui</Filter>
    </ClInclude>
    <ClInclude Include="imgui\imgui_impl_win32.h">
      <Filter>imgui</Filter>
    </ClInclude>
    <ClInclude Include="imgui\imgui_internal.h">
      <Filter>imgui</Filter>
    </ClInclude>
    <ClInclude Include="imgui\imstb_rectpack.h">
      <Filter>imgui</Filter>
    </ClInclude>
    <ClInclude Include="imgui\imstb_textedit.h">
      <Filter>imgui</Filter>
    </ClInclude>
    <ClInclude Include="imgui\imstb_truetype.h">
      <Filter>imgui</Filter>
    </ClInclude>
    <ClInclude Include="user\magic_enum.hpp">
      <Filter>user</Filter>
    </ClInclude>
    <ClInclude Include="user\D3D11Hooking.hpp">
      <Filter>user</Filter>
    </ClInclude>
    <ClInclude Include="user\IterationCounter.hpp">
      <Filter>user</Filter>
    </ClInclude>
    <ClInclude Include="user\CWState.hpp">
      <Filter>user</Filter>
    </ClInclude>
    <ClInclude Include="user\CWConstants.hpp">
      <Filter>user</Filter>
    </ClInclude>
    <ClInclude Include="user\StringUtility.hpp">
      <Filter>user</Filter>
    </ClInclude>
    <ClInclude Include="user\GameUtility.hpp">
      <Filter>user</Filter>
    </ClInclude>
    <ClInclude Include="user\radar.hpp">
      <Filter>user</Filter>
    </ClInclude>
  </ItemGroup>
  <ItemGroup>
    <Filter Include="appdata">
      <UniqueIdentifier>{dd3a8fe5-dfa6-491b-9629-870f969bc717}</UniqueIdentifier>
    </Filter>
    <Filter Include="framework">
      <UniqueIdentifier>{3ace7f46-6a5c-4485-a313-d1cfc9270cab}</UniqueIdentifier>
    </Filter>
    <Filter Include="user">
      <UniqueIdentifier>{bcb6f6ef-0cfd-4a3b-a589-60ccf6a4a7e3}</UniqueIdentifier>
    </Filter>
    <Filter Include="Detours">
      <UniqueIdentifier>{c3813c05-e9ac-4322-b515-40c3c8fc97cc}</UniqueIdentifier>
    </Filter>
    <Filter Include="imgui">
      <UniqueIdentifier>{37aa0464-c066-4fe5-a3d4-92527ae5a17b}</UniqueIdentifier>
    </Filter>
  </ItemGroup>
  <ItemGroup>
    <Library Include="Detours\detours.lib">
      <Filter>Detours</Filter>
    </Library>
  </ItemGroup>
  <ItemGroup>
    <None Include="Detours\detours.pdb">
      <Filter>Detours</Filter>
    </None>
    <None Include="LICENSE" />
    <None Include="Detours\LICENSE.md">
      <Filter>Detours</Filter>
    </None>
  </ItemGroup>
  <ItemGroup>
    <Text Include="imgui\LICENSE.txt">
      <Filter>imgui</Filter>
    </Text>
  </ItemGroup>
</Project>